
Microsoft Visual Studio Solution File, Format Version 12.00
# Visual Studio Version 17
VisualStudioVersion = 17.14.36623.8 d17.14
MinimumVisualStudioVersion = 10.0.40219.1
Project("{8BC9CEB8-8B4A-11D0-8D11-00A0C91BC942}") = "CS-499_4-2_Milestone", "CS-499_4-2_Milestone\CS-499_4-2_Milestone.vcxproj", "{060A4E98-E05D-4EFB-BEF0-C2477AA8C87F}"
EndProject
Global
	GlobalSection(SolutionConfigurationPlatforms) = preSolution
		Debug|x64 = Debug|x64
		Debug|x86 = Debug|x86
		Release|x64 = Release|x64
		Release|x86 = Release|x86
	EndGlobalSection
	GlobalSection(ProjectConfigurationPlatforms) = postSolution
		{060A4E98-E05D-4EFB-BEF0-C2477AA8C87F}.Debug|x64.ActiveCfg = Debug|x64
		{060A4E98-E05D-4EFB-BEF0-C2477AA8C87F}.Debug|x64.Build.0 = Debug|x64
		{060A4E98-E05D-4EFB-BEF0-C2477AA8C87F}.Debug|x86.ActiveCfg = Debug|Win32
		{060A4E98-E05D-4EFB-BEF0-C2477AA8C87F}.Debug|x86.Build.0 = Debug|Win32
		{060A4E98-E05D-4EFB-BEF0-C2477AA8C87F}.Release|x64.ActiveCfg = Release|x64
		{060A4E98-E05D-4EFB-BEF0-C2477AA8C87F}.Release|x64.Build.0 = Release|x64
		{060A4E98-E05D-4EFB-BEF0-C2477AA8C87F}.Release|x86.ActiveCfg = Release|Win32
		{060A4E98-E05D-4EFB-BEF0-C2477AA8C87F}.Release|x86.Build.0 = Release|Win32
	EndGlobalSection
	GlobalSection(SolutionProperties) = preSolution
		HideSolutionNode = FALSE
	EndGlobalSection
	GlobalSection(ExtensibilityGlobals) = postSolution
		SolutionGuid = {9DF2514F-B329-43E1-B665-CFE240489D51}
	EndGlobalSection
EndGlobal
